
Microsoft Visual Studio Solution File, Format Version 12.00
# Visual Studio 2013
VisualStudioVersion = 12.0.40629.0
MinimumVisualStudioVersion = 10.0.40219.1
Project("{FAE04EC0-301F-11D3-BF4B-00C04F79EFBC}") = "AppiumTestFramework_v2", "AppiumTestFramework_v1\AppiumTestFramework_v2.csproj", "{75F0B1C0-F873-4562-A18E-4332B50AEAFD}"
EndProject
Project("{FAE04EC0-301F-11D3-BF4B-00C04F79EFBC}") = "Test.Models", "Test.Models\Test.Models.csproj", "{DAA30438-AA8B-4661-83D0-A13B5DC4081C}"
EndProject
Project("{2150E333-8FDC-42A3-9474-1A3956D46DE8}") = ".nuget", ".nuget", "{839B065F-A089-4A62-BE93-C48193A10962}"
	ProjectSection(SolutionItems) = preProject
		.nuget\NuGet.Config = .nuget\NuGet.Config
		.nuget\NuGet.exe = .nuget\NuGet.exe
		.nuget\NuGet.targets = .nuget\NuGet.targets
	EndProjectSection
EndProject
Project("{FAE04EC0-301F-11D3-BF4B-00C04F79EFBC}") = "AppiumTestFramework_v2.UnitTests", "AppiumTestFramework_v2.UnitTests\AppiumTestFramework_v2.UnitTests.csproj", "{F47480D1-5713-49DD-8B83-F22CB4E3CABA}"
EndProject
Project("{FAE04EC0-301F-11D3-BF4B-00C04F79EFBC}") = "SeleniumTestFramework_v1", "SeleniumTestFramework_v1\SeleniumTestFramework_v1.csproj", "{61E07C00-82CD-4E21-9B1C-BAEEAE6882E6}"
EndProject
Project("{2150E333-8FDC-42A3-9474-1A3956D46DE8}") = "Appium", "Appium", "{0FF938BD-52E2-40B6-A048-F6BD6F8086A2}"
EndProject
Project("{2150E333-8FDC-42A3-9474-1A3956D46DE8}") = "Selenium", "Selenium", "{283B6968-FE26-480B-91D5-05B472DADB8F}"
EndProject
Project("{FAE04EC0-301F-11D3-BF4B-00C04F79EFBC}") = "SeleniumTestFramework_v1.UnitTests", "SeleniumTestFramework_v1.UnitTests\SeleniumTestFramework_v1.UnitTests.csproj", "{4CB0444E-1602-4AEC-B086-CC743F329710}"
EndProject
Global
	GlobalSection(SolutionConfigurationPlatforms) = preSolution
		Debug|Any CPU = Debug|Any CPU
		Release|Any CPU = Release|Any CPU
	EndGlobalSection
	GlobalSection(ProjectConfigurationPlatforms) = postSolution
		{75F0B1C0-F873-4562-A18E-4332B50AEAFD}.Debug|Any CPU.ActiveCfg = Debug|Any CPU
		{75F0B1C0-F873-4562-A18E-4332B50AEAFD}.Debug|Any CPU.Build.0 = Debug|Any CPU
		{75F0B1C0-F873-4562-A18E-4332B50AEAFD}.Release|Any CPU.ActiveCfg = Release|Any CPU
		{75F0B1C0-F873-4562-A18E-4332B50AEAFD}.Release|Any CPU.Build.0 = Release|Any CPU
		{DAA30438-AA8B-4661-83D0-A13B5DC4081C}.Debug|Any CPU.ActiveCfg = Debug|Any CPU
		{DAA30438-AA8B-4661-83D0-A13B5DC4081C}.Debug|Any CPU.Build.0 = Debug|Any CPU
		{DAA30438-AA8B-4661-83D0-A13B5DC4081C}.Release|Any CPU.ActiveCfg = Release|Any CPU
		{DAA30438-AA8B-4661-83D0-A13B5DC4081C}.Release|Any CPU.Build.0 = Release|Any CPU
		{F47480D1-5713-49DD-8B83-F22CB4E3CABA}.Debug|Any CPU.ActiveCfg = Debug|Any CPU
		{F47480D1-5713-49DD-8B83-F22CB4E3CABA}.Debug|Any CPU.Build.0 = Debug|Any CPU
		{F47480D1-5713-49DD-8B83-F22CB4E3CABA}.Release|Any CPU.ActiveCfg = Release|Any CPU
		{F47480D1-5713-49DD-8B83-F22CB4E3CABA}.Release|Any CPU.Build.0 = Release|Any CPU
		{61E07C00-82CD-4E21-9B1C-BAEEAE6882E6}.Debug|Any CPU.ActiveCfg = Debug|Any CPU
		{61E07C00-82CD-4E21-9B1C-BAEEAE6882E6}.Debug|Any CPU.Build.0 = Debug|Any CPU
		{61E07C00-82CD-4E21-9B1C-BAEEAE6882E6}.Release|Any CPU.ActiveCfg = Release|Any CPU
		{61E07C00-82CD-4E21-9B1C-BAEEAE6882E6}.Release|Any CPU.Build.0 = Release|Any CPU
		{4CB0444E-1602-4AEC-B086-CC743F329710}.Debug|Any CPU.ActiveCfg = Debug|Any CPU
		{4CB0444E-1602-4AEC-B086-CC743F329710}.Debug|Any CPU.Build.0 = Debug|Any CPU
		{4CB0444E-1602-4AEC-B086-CC743F329710}.Release|Any CPU.ActiveCfg = Release|Any CPU
		{4CB0444E-1602-4AEC-B086-CC743F329710}.Release|Any CPU.Build.0 = Release|Any CPU
	EndGlobalSection
	GlobalSection(SolutionProperties) = preSolution
		HideSolutionNode = FALSE
	EndGlobalSection
	GlobalSection(NestedProjects) = preSolution
		{75F0B1C0-F873-4562-A18E-4332B50AEAFD} = {0FF938BD-52E2-40B6-A048-F6BD6F8086A2}
		{F47480D1-5713-49DD-8B83-F22CB4E3CABA} = {0FF938BD-52E2-40B6-A048-F6BD6F8086A2}
		{61E07C00-82CD-4E21-9B1C-BAEEAE6882E6} = {283B6968-FE26-480B-91D5-05B472DADB8F}
		{4CB0444E-1602-4AEC-B086-CC743F329710} = {283B6968-FE26-480B-91D5-05B472DADB8F}
	EndGlobalSection
EndGlobal
